// !$*UTF8*$!
{
	archiveVersion = 1;
	classes = {
	};
	objectVersion = 46;
	objects = {

/* Begin PBXBuildFile section */
		4869D6001CDACB45006A9306 /* AppDelegate.swift in Sources */ = {isa = PBXBuildFile; fileRef = 4869D5FF1CDACB45006A9306 /* AppDelegate.swift */; };
		4869D6021CDACB45006A9306 /* ViewController.swift in Sources */ = {isa = PBXBuildFile; fileRef = 4869D6011CDACB45006A9306 /* ViewController.swift */; };
		4869D6051CDACB45006A9306 /* Main.storyboard in Resources */ = {isa = PBXBuildFile; fileRef = 4869D6031CDACB45006A9306 /* Main.storyboard */; };
		4869D6081CDACB45006A9306 /* Buzzer.xcdatamodeld in Sources */ = {isa = PBXBuildFile; fileRef = 4869D6061CDACB45006A9306 /* Buzzer.xcdatamodeld */; };
		4869D60A1CDACB45006A9306 /* Assets.xcassets in Resources */ = {isa = PBXBuildFile; fileRef = 4869D6091CDACB45006A9306 /* Assets.xcassets */; };
		4869D60D1CDACB45006A9306 /* LaunchScreen.storyboard in Resources */ = {isa = PBXBuildFile; fileRef = 4869D60B1CDACB45006A9306 /* LaunchScreen.storyboard */; };
		4869D6181CDACB45006A9306 /* BuzzerTests.swift in Sources */ = {isa = PBXBuildFile; fileRef = 4869D6171CDACB45006A9306 /* BuzzerTests.swift */; };
		4869D6231CDACB46006A9306 /* BuzzerUITests.swift in Sources */ = {isa = PBXBuildFile; fileRef = 4869D6221CDACB46006A9306 /* BuzzerUITests.swift */; };
		4869D6341CDAE4BC006A9306 /* Game.swift in Sources */ = {isa = PBXBuildFile; fileRef = 4869D6331CDAE4BC006A9306 /* Game.swift */; };
		4869D6361CDAE505006A9306 /* Player.swift in Sources */ = {isa = PBXBuildFile; fileRef = 4869D6351CDAE505006A9306 /* Player.swift */; };
		4869D6381CDAE517006A9306 /* Question.swift in Sources */ = {isa = PBXBuildFile; fileRef = 4869D6371CDAE517006A9306 /* Question.swift */; };
		4869D63A1CDAE528006A9306 /* Answer.swift in Sources */ = {isa = PBXBuildFile; fileRef = 4869D6391CDAE528006A9306 /* Answer.swift */; };
/* End PBXBuildFile section */

/* Begin PBXContainerItemProxy section */
		4869D6141CDACB45006A9306 /* PBXContainerItemProxy */ = {
			isa = PBXContainerItemProxy;
			containerPortal = 4869D5F41CDACB45006A9306 /* Project object */;
			proxyType = 1;
			remoteGlobalIDString = 4869D5FB1CDACB45006A9306;
			remoteInfo = Buzzer;
		};
		4869D61F1CDACB46006A9306 /* PBXContainerItemProxy */ = {
			isa = PBXContainerItemProxy;
			containerPortal = 4869D5F41CDACB45006A9306 /* Project object */;
			proxyType = 1;
			remoteGlobalIDString = 4869D5FB1CDACB45006A9306;
			remoteInfo = Buzzer;
		};
/* End PBXContainerItemProxy section */

/* Begin PBXFileReference section */
		4869D5FC1CDACB45006A9306 /* Buzzer.app */ = {isa = PBXFileReference; explicitFileType = wrapper.application; includeInIndex = 0; path = Buzzer.app; sourceTree = BUILT_PRODUCTS_DIR; };
		4869D5FF1CDACB45006A9306 /* AppDelegate.swift */ = {isa = PBXFileReference; lastKnownFileType = sourcecode.swift; path = AppDelegate.swift; sourceTree = "<group>"; };
		4869D6011CDACB45006A9306 /* ViewController.swift */ = {isa = PBXFileReference; lastKnownFileType = sourcecode.swift; path = ViewController.swift; sourceTree = "<group>"; };
		4869D6041CDACB45006A9306 /* Base */ = {isa = PBXFileReference; lastKnownFileType = file.storyboard; name = Base; path = Base.lproj/Main.storyboard; sourceTree = "<group>"; };
		4869D6071CDACB45006A9306 /* Buzzer.xcdatamodel */ = {isa = PBXFileReference; lastKnownFileType = wrapper.xcdatamodel; path = Buzzer.xcdatamodel; sourceTree = "<group>"; };
		4869D6091CDACB45006A9306 /* Assets.xcassets */ = {isa = PBXFileReference; lastKnownFileType = folder.assetcatalog; path = Assets.xcassets; sourceTree = "<group>"; };
		4869D60C1CDACB45006A9306 /* Base */ = {isa = PBXFileReference; lastKnownFileType = file.storyboard; name = Base; path = Base.lproj/LaunchScreen.storyboard; sourceTree = "<group>"; };
		4869D60E1CDACB45006A9306 /* Info.plist */ = {isa = PBXFileReference; lastKnownFileType = text.plist.xml; path = Info.plist; sourceTree = "<group>"; };
		4869D6131CDACB45006A9306 /* BuzzerTests.xctest */ = {isa = PBXFileReference; explicitFileType = wrapper.cfbundle; includeInIndex = 0; path = BuzzerTests.xctest; sourceTree = BUILT_PRODUCTS_DIR; };
		4869D6171CDACB45006A9306 /* BuzzerTests.swift */ = {isa = PBXFileReference; lastKnownFileType = sourcecode.swift; path = BuzzerTests.swift; sourceTree = "<group>"; };
		4869D6191CDACB45006A9306 /* Info.plist */ = {isa = PBXFileReference; lastKnownFileType = text.plist.xml; path = Info.plist; sourceTree = "<group>"; };
		4869D61E1CDACB46006A9306 /* BuzzerUITests.xctest */ = {isa = PBXFileReference; explicitFileType = wrapper.cfbundle; includeInIndex = 0; path = BuzzerUITests.xctest; sourceTree = BUILT_PRODUCTS_DIR; };
		4869D6221CDACB46006A9306 /* BuzzerUITests.swift */ = {isa = PBXFileReference; lastKnownFileType = sourcecode.swift; path = BuzzerUITests.swift; sourceTree = "<group>"; };
		4869D6241CDACB46006A9306 /* Info.plist */ = {isa = PBXFileReference; lastKnownFileType = text.plist.xml; path = Info.plist; sourceTree = "<group>"; };
		4869D6331CDAE4BC006A9306 /* Game.swift */ = {isa = PBXFileReference; fileEncoding = 4; lastKnownFileType = sourcecode.swift; path = Game.swift; sourceTree = "<group>"; };
		4869D6351CDAE505006A9306 /* Player.swift */ = {isa = PBXFileReference; fileEncoding = 4; lastKnownFileType = sourcecode.swift; path = Player.swift; sourceTree = "<group>"; };
		4869D6371CDAE517006A9306 /* Question.swift */ = {isa = PBXFileReference; fileEncoding = 4; lastKnownFileType = sourcecode.swift; path = Question.swift; sourceTree = "<group>"; };
		4869D6391CDAE528006A9306 /* Answer.swift */ = {isa = PBXFileReference; fileEncoding = 4; lastKnownFileType = sourcecode.swift; path = Answer.swift; sourceTree = "<group>"; };
/* End PBXFileReference section */

/* Begin PBXFrameworksBuildPhase section */
		4869D5F91CDACB45006A9306 /* Frameworks */ = {
			isa = PBXFrameworksBuildPhase;
			buildActionMask = 2147483647;
			files = (
			);
			runOnlyForDeploymentPostprocessing = 0;
		};
		4869D6101CDACB45006A9306 /* Frameworks */ = {
			isa = PBXFrameworksBuildPhase;
			buildActionMask = 2147483647;
			files = (
			);
			runOnlyForDeploymentPostprocessing = 0;
		};
		4869D61B1CDACB46006A9306 /* Frameworks */ = {
			isa = PBXFrameworksBuildPhase;
			buildActionMask = 2147483647;
			files = (
			);
			runOnlyForDeploymentPostprocessing = 0;
		};
/* End PBXFrameworksBuildPhase section */

/* Begin PBXGroup section */
		4869D5F31CDACB45006A9306 = {
			isa = PBXGroup;
			children = (
				4869D5FE1CDACB45006A9306 /* Buzzer */,
				4869D6161CDACB45006A9306 /* BuzzerTests */,
				4869D6211CDACB46006A9306 /* BuzzerUITests */,
				4869D5FD1CDACB45006A9306 /* Products */,
			);
			sourceTree = "<group>";
		};
		4869D5FD1CDACB45006A9306 /* Products */ = {
			isa = PBXGroup;
			children = (
				4869D5FC1CDACB45006A9306 /* Buzzer.app */,
				4869D6131CDACB45006A9306 /* BuzzerTests.xctest */,
				4869D61E1CDACB46006A9306 /* BuzzerUITests.xctest */,
			);
			name = Products;
			sourceTree = "<group>";
		};
		4869D5FE1CDACB45006A9306 /* Buzzer */ = {
			isa = PBXGroup;
			children = (
				4869D6321CDAE444006A9306 /* Controller */,
				4869D6311CDAE438006A9306 /* View */,
				4869D6301CDAE427006A9306 /* Model */,
				4869D5FF1CDACB45006A9306 /* AppDelegate.swift */,
				4869D6011CDACB45006A9306 /* ViewController.swift */,
				4869D6031CDACB45006A9306 /* Main.storyboard */,
				4869D6091CDACB45006A9306 /* Assets.xcassets */,
				4869D60B1CDACB45006A9306 /* LaunchScreen.storyboard */,
				4869D60E1CDACB45006A9306 /* Info.plist */,
				4869D6061CDACB45006A9306 /* Buzzer.xcdatamodeld */,
			);
			path = Buzzer;
			sourceTree = "<group>";
		};
		4869D6161CDACB45006A9306 /* BuzzerTests */ = {
			isa = PBXGroup;
			children = (
				4869D6171CDACB45006A9306 /* BuzzerTests.swift */,
				4869D6191CDACB45006A9306 /* Info.plist */,
			);
			path = BuzzerTests;
			sourceTree = "<group>";
		};
		4869D6211CDACB46006A9306 /* BuzzerUITests */ = {
			isa = PBXGroup;
			children = (
				4869D6221CDACB46006A9306 /* BuzzerUITests.swift */,
				4869D6241CDACB46006A9306 /* Info.plist */,
			);
			path = BuzzerUITests;
			sourceTree = "<group>";
		};
		4869D6301CDAE427006A9306 /* Model */ = {
			isa = PBXGroup;
			children = (
				4869D6331CDAE4BC006A9306 /* Game.swift */,
				4869D6351CDAE505006A9306 /* Player.swift */,
				4869D6371CDAE517006A9306 /* Question.swift */,
				4869D6391CDAE528006A9306 /* Answer.swift */,
			);
			name = Model;
			sourceTree = "<group>";
		};
		4869D6311CDAE438006A9306 /* View */ = {
			isa = PBXGroup;
			children = (
			);
			name = View;
			sourceTree = "<group>";
		};
		4869D6321CDAE444006A9306 /* Controller */ = {
			isa = PBXGroup;
			children = (
			);
			name = Controller;
			sourceTree = "<group>";
		};
/* End PBXGroup section */

/* Begin PBXNativeTarget section */
		4869D5FB1CDACB45006A9306 /* Buzzer */ = {
			isa = PBXNativeTarget;
			buildConfigurationList = 4869D6271CDACB46006A9306 /* Build configuration list for PBXNativeTarget "Buzzer" */;
			buildPhases = (
				4869D5F81CDACB45006A9306 /* Sources */,
				4869D5F91CDACB45006A9306 /* Frameworks */,
				4869D5FA1CDACB45006A9306 /* Resources */,
			);
			buildRules = (
			);
			dependencies = (
			);
			name = Buzzer;
			productName = Buzzer;
			productReference = 4869D5FC1CDACB45006A9306 /* Buzzer.app */;
			productType = "com.apple.product-type.application";
		};
		4869D6121CDACB45006A9306 /* BuzzerTests */ = {
			isa = PBXNativeTarget;
			buildConfigurationList = 4869D62A1CDACB46006A9306 /* Build configuration list for PBXNativeTarget "BuzzerTests" */;
			buildPhases = (
				4869D60F1CDACB45006A9306 /* Sources */,
				4869D6101CDACB45006A9306 /* Frameworks */,
				4869D6111CDACB45006A9306 /* Resources */,
			);
			buildRules = (
			);
			dependencies = (
				4869D6151CDACB45006A9306 /* PBXTargetDependency */,
			);
			name = BuzzerTests;
			productName = BuzzerTests;
			productReference = 4869D6131CDACB45006A9306 /* BuzzerTests.xctest */;
			productType = "com.apple.product-type.bundle.unit-test";
		};
		4869D61D1CDACB46006A9306 /* BuzzerUITests */ = {
			isa = PBXNativeTarget;
			buildConfigurationList = 4869D62D1CDACB46006A9306 /* Build configuration list for PBXNativeTarget "BuzzerUITests" */;
			buildPhases = (
				4869D61A1CDACB46006A9306 /* Sources */,
				4869D61B1CDACB46006A9306 /* Frameworks */,
				4869D61C1CDACB46006A9306 /* Resources */,
			);
			buildRules = (
			);
			dependencies = (
				4869D6201CDACB46006A9306 /* PBXTargetDependency */,
			);
			name = BuzzerUITests;
			productName = BuzzerUITests;
			productReference = 4869D61E1CDACB46006A9306 /* BuzzerUITests.xctest */;
			productType = "com.apple.product-type.bundle.ui-testing";
		};
/* End PBXNativeTarget section */

/* Begin PBXProject section */
		4869D5F41CDACB45006A9306 /* Project object */ = {
			isa = PBXProject;
			attributes = {
				LastSwiftUpdateCheck = 0720;
				LastUpgradeCheck = 0720;
				ORGANIZATIONNAME = "Zoran Mandic";
				TargetAttributes = {
					4869D5FB1CDACB45006A9306 = {
						CreatedOnToolsVersion = 7.2.1;
					};
					4869D6121CDACB45006A9306 = {
						CreatedOnToolsVersion = 7.2.1;
						TestTargetID = 4869D5FB1CDACB45006A9306;
					};
					4869D61D1CDACB46006A9306 = {
						CreatedOnToolsVersion = 7.2.1;
						TestTargetID = 4869D5FB1CDACB45006A9306;
					};
				};
			};
			buildConfigurationList = 4869D5F71CDACB45006A9306 /* Build configuration list for PBXProject "Buzzer" */;
			compatibilityVersion = "Xcode 3.2";
			developmentRegion = English;
			hasScannedForEncodings = 0;
			knownRegions = (
				en,
				Base,
			);
			mainGroup = 4869D5F31CDACB45006A9306;
			productRefGroup = 4869D5FD1CDACB45006A9306 /* Products */;
			projectDirPath = "";
			projectRoot = "";
			targets = (
				4869D5FB1CDACB45006A9306 /* Buzzer */,
				4869D6121CDACB45006A9306 /* BuzzerTests */,
				4869D61D1CDACB46006A9306 /* BuzzerUITests */,
			);
		};
/* End PBXProject section */

/* Begin PBXResourcesBuildPhase section */
		4869D5FA1CDACB45006A9306 /* Resources */ = {
			isa = PBXResourcesBuildPhase;
			buildActionMask = 2147483647;
			files = (
				4869D60D1CDACB45006A9306 /* LaunchScreen.storyboard in Resources */,
				4869D60A1CDACB45006A9306 /* Assets.xcassets in Resources */,
				4869D6051CDACB45006A9306 /* Main.storyboard in Resources */,
			);
			runOnlyForDeploymentPostprocessing = 0;
		};
		4869D6111CDACB45006A9306 /* Resources */ = {
			isa = PBXResourcesBuildPhase;
			buildActionMask = 2147483647;
			files = (
			);
			runOnlyForDeploymentPostprocessing = 0;
		};
		4869D61C1CDACB46006A9306 /* Resources */ = {
			isa = PBXResourcesBuildPhase;
			buildActionMask = 2147483647;
			files = (
			);
			runOnlyForDeploymentPostprocessing = 0;
		};
/* End PBXResourcesBuildPhase section */

/* Begin PBXSourcesBuildPhase section */
		4869D5F81CDACB45006A9306 /* Sources */ = {
			isa = PBXSourcesBuildPhase;
			buildActionMask = 2147483647;
			files = (
				4869D6081CDACB45006A9306 /* Buzzer.xcdatamodeld in Sources */,
				4869D6021CDACB45006A9306 /* ViewController.swift in Sources */,
				4869D6001CDACB45006A9306 /* AppDelegate.swift in Sources */,
				4869D63A1CDAE528006A9306 /* Answer.swift in Sources */,
				4869D6381CDAE517006A9306 /* Question.swift in Sources */,
				4869D6361CDAE505006A9306 /* Player.swift in Sources */,
				4869D6341CDAE4BC006A9306 /* Game.swift in Sources */,
			);
			runOnlyForDeploymentPostprocessing = 0;
		};
		4869D60F1CDACB45006A9306 /* Sources */ = {
			isa = PBXSourcesBuildPhase;
			buildActionMask = 2147483647;
			files = (
				4869D6181CDACB45006A9306 /* BuzzerTests.swift in Sources */,
			);
			runOnlyForDeploymentPostprocessing = 0;
		};
		4869D61A1CDACB46006A9306 /* Sources */ = {
			isa = PBXSourcesBuildPhase;
			buildActionMask = 2147483647;
			files = (
				4869D6231CDACB46006A9306 /* BuzzerUITests.swift in Sources */,
			);
			runOnlyForDeploymentPostprocessing = 0;
		};
/* End PBXSourcesBuildPhase section */

/* Begin PBXTargetDependency section */
		4869D6151CDACB45006A9306 /* PBXTargetDependency */ = {
			isa = PBXTargetDependency;
			target = 4869D5FB1CDACB45006A9306 /* Buzzer */;
			targetProxy = 4869D6141CDACB45006A9306 /* PBXContainerItemProxy */;
		};
		4869D6201CDACB46006A9306 /* PBXTargetDependency */ = {
			isa = PBXTargetDependency;
			target = 4869D5FB1CDACB45006A9306 /* Buzzer */;
			targetProxy = 4869D61F1CDACB46006A9306 /* PBXContainerItemProxy */;
		};
/* End PBXTargetDependency section */

/* Begin PBXVariantGroup section */
		4869D6031CDACB45006A9306 /* Main.storyboard */ = {
			isa = PBXVariantGroup;
			children = (
				4869D6041CDACB45006A9306 /* Base */,
			);
			name = Main.storyboard;
			sourceTree = "<group>";
		};
		4869D60B1CDACB45006A9306 /* LaunchScreen.storyboard */ = {
			isa = PBXVariantGroup;
			children = (
				4869D60C1CDACB45006A9306 /* Base */,
			);
			name = LaunchScreen.storyboard;
			sourceTree = "<group>";
		};
/* End PBXVariantGroup section */

/* Begin XCBuildConfiguration section */
		4869D6251CDACB46006A9306 /* Debug */ = {
			isa = XCBuildConfiguration;
			buildSettings = {
				ALWAYS_SEARCH_USER_PATHS = NO;
				CLANG_CXX_LANGUAGE_STANDARD = "gnu++0x";
				CLANG_CXX_LIBRARY = "libc++";
				CLANG_ENABLE_MODULES = YES;
				CLANG_ENABLE_OBJC_ARC = YES;
				CLANG_WARN_BOOL_CONVERSION = YES;
				CLANG_WARN_CONSTANT_CONVERSION = YES;
				CLANG_WARN_DIRECT_OBJC_ISA_USAGE = YES_ERROR;
				CLANG_WARN_EMPTY_BODY = YES;
				CLANG_WARN_ENUM_CONVERSION = YES;
				CLANG_WARN_INT_CONVERSION = YES;
				CLANG_WARN_OBJC_ROOT_CLASS = YES_ERROR;
				CLANG_WARN_UNREACHABLE_CODE = YES;
				CLANG_WARN__DUPLICATE_METHOD_MATCH = YES;
				"CODE_SIGN_IDENTITY[sdk=iphoneos*]" = "iPhone Developer";
				COPY_PHASE_STRIP = NO;
				DEBUG_INFORMATION_FORMAT = dwarf;
				ENABLE_STRICT_OBJC_MSGSEND = YES;
				ENABLE_TESTABILITY = YES;
				GCC_C_LANGUAGE_STANDARD = gnu99;
				GCC_DYNAMIC_NO_PIC = NO;
				GCC_NO_COMMON_BLOCKS = YES;
				GCC_OPTIMIZATION_LEVEL = 0;
				GCC_PREPROCESSOR_DEFINITIONS = (
					"DEBUG=1",
					"$(inherited)",
				);
				GCC_WARN_64_TO_32_BIT_CONVERSION = YES;
				GCC_WARN_ABOUT_RETURN_TYPE = YES_ERROR;
				GCC_WARN_UNDECLARED_SELECTOR = YES;
				GCC_WARN_UNINITIALIZED_AUTOS = YES_AGGRESSIVE;
				GCC_WARN_UNUSED_FUNCTION = YES;
				GCC_WARN_UNUSED_VARIABLE = YES;
				IPHONEOS_DEPLOYMENT_TARGET = 9.2;
				MTL_ENABLE_DEBUG_INFO = YES;
				ONLY_ACTIVE_ARCH = YES;
				SDKROOT = iphoneos;
				SWIFT_OPTIMIZATION_LEVEL = "-Onone";
				TARGETED_DEVICE_FAMILY = "1,2";
			};
			name = Debug;
		};
		4869D6261CDACB46006A9306 /* Release */ = {
			isa = XCBuildConfiguration;
			buildSettings = {
				ALWAYS_SEARCH_USER_PATHS = NO;
				CLANG_CXX_LANGUAGE_STANDARD = "gnu++0x";
				CLANG_CXX_LIBRARY = "libc++";
				CLANG_ENABLE_MODULES = YES;
				CLANG_ENABLE_OBJC_ARC = YES;
				CLANG_WARN_BOOL_CONVERSION = YES;
				CLANG_WARN_CONSTANT_CONVERSION = YES;
				CLANG_WARN_DIRECT_OBJC_ISA_USAGE = YES_ERROR;
				CLANG_WARN_EMPTY_BODY = YES;
				CLANG_WARN_ENUM_CONVERSION = YES;
				CLANG_WARN_INT_CONVERSION = YES;
				CLANG_WARN_OBJC_ROOT_CLASS = YES_ERROR;
				CLANG_WARN_UNREACHABLE_CODE = YES;
				CLANG_WARN__DUPLICATE_METHOD_MATCH = YES;
				"CODE_SIGN_IDENTITY[sdk=iphoneos*]" = "iPhone Developer";
				COPY_PHASE_STRIP = NO;
				DEBUG_INFORMATION_FORMAT = "dwarf-with-dsym";
				ENABLE_NS_ASSERTIONS = NO;
				ENABLE_STRICT_OBJC_MSGSEND = YES;
				GCC_C_LANGUAGE_STANDARD = gnu99;
				GCC_NO_COMMON_BLOCKS = YES;
				GCC_WARN_64_TO_32_BIT_CONVERSION = YES;
				GCC_WARN_ABOUT_RETURN_TYPE = YES_ERROR;
				GCC_WARN_UNDECLARED_SELECTOR = YES;
				GCC_WARN_UNINITIALIZED_AUTOS = YES_AGGRESSIVE;
				GCC_WARN_UNUSED_FUNCTION = YES;
				GCC_WARN_UNUSED_VARIABLE = YES;
				IPHONEOS_DEPLOYMENT_TARGET = 9.2;
				MTL_ENABLE_DEBUG_INFO = NO;
				SDKROOT = iphoneos;
				TARGETED_DEVICE_FAMILY = "1,2";
				VALIDATE_PRODUCT = YES;
			};
			name = Release;
		};
		4869D6281CDACB46006A9306 /* Debug */ = {
			isa = XCBuildConfiguration;
			buildSettings = {
				ASSETCATALOG_COMPILER_APPICON_NAME = AppIcon;
				INFOPLIST_FILE = Buzzer/Info.plist;
				LD_RUNPATH_SEARCH_PATHS = "$(inherited) @executable_path/Frameworks";
				PRODUCT_BUNDLE_IDENTIFIER = GreenHouse.Buzzer;
				PRODUCT_NAME = "$(TARGET_NAME)";
			};
			name = Debug;
		};
		4869D6291CDACB46006A9306 /* Release */ = {
			isa = XCBuildConfiguration;
			buildSettings = {
				ASSETCATALOG_COMPILER_APPICON_NAME = AppIcon;
				INFOPLIST_FILE = Buzzer/Info.plist;
				LD_RUNPATH_SEARCH_PATHS = "$(inherited) @executable_path/Frameworks";
				PRODUCT_BUNDLE_IDENTIFIER = GreenHouse.Buzzer;
				PRODUCT_NAME = "$(TARGET_NAME)";
			};
			name = Release;
		};
		4869D62B1CDACB46006A9306 /* Debug */ = {
			isa = XCBuildConfiguration;
			buildSettings = {
				BUNDLE_LOADER = "$(TEST_HOST)";
				INFOPLIST_FILE = BuzzerTests/Info.plist;
				LD_RUNPATH_SEARCH_PATHS = "$(inherited) @executable_path/Frameworks @loader_path/Frameworks";
				PRODUCT_BUNDLE_IDENTIFIER = GreenHouse.BuzzerTests;
				PRODUCT_NAME = "$(TARGET_NAME)";
				TEST_HOST = "$(BUILT_PRODUCTS_DIR)/Buzzer.app/Buzzer";
			};
			name = Debug;
		};
		4869D62C1CDACB46006A9306 /* Release */ = {
			isa = XCBuildConfiguration;
			buildSettings = {
				BUNDLE_LOADER = "$(TEST_HOST)";
				INFOPLIST_FILE = BuzzerTests/Info.plist;
				LD_RUNPATH_SEARCH_PATHS = "$(inherited) @executable_path/Frameworks @loader_path/Frameworks";
				PRODUCT_BUNDLE_IDENTIFIER = GreenHouse.BuzzerTests;
				PRODUCT_NAME = "$(TARGET_NAME)";
				TEST_HOST = "$(BUILT_PRODUCTS_DIR)/Buzzer.app/Buzzer";
			};
			name = Release;
		};
		4869D62E1CDACB46006A9306 /* Debug */ = {
			isa = XCBuildConfiguration;
			buildSettings = {
				INFOPLIST_FILE = BuzzerUITests/Info.plist;
				LD_RUNPATH_SEARCH_PATHS = "$(inherited) @executable_path/Frameworks @loader_path/Frameworks";
				PRODUCT_BUNDLE_IDENTIFIER = GreenHouse.BuzzerUITests;
				PRODUCT_NAME = "$(TARGET_NAME)";
				TEST_TARGET_NAME = Buzzer;
				USES_XCTRUNNER = YES;
			};
			name = Debug;
		};
		4869D62F1CDACB46006A9306 /* Release */ = {
			isa = XCBuildConfiguration;
			buildSettings = {
				INFOPLIST_FILE = BuzzerUITests/Info.plist;
				LD_RUNPATH_SEARCH_PATHS = "$(inherited) @executable_path/Frameworks @loader_path/Frameworks";
				PRODUCT_BUNDLE_IDENTIFIER = GreenHouse.BuzzerUITests;
				PRODUCT_NAME = "$(TARGET_NAME)";
				TEST_TARGET_NAME = Buzzer;
				USES_XCTRUNNER = YES;
			};
			name = Release;
		};
/* End XCBuildConfiguration section */

/* Begin XCConfigurationList section */
		4869D5F71CDACB45006A9306 /* Build configuration list for PBXProject "Buzzer" */ = {
			isa = XCConfigurationList;
			buildConfigurations = (
				4869D6251CDACB46006A9306 /* Debug */,
				4869D6261CDACB46006A9306 /* Release */,
			);
			defaultConfigurationIsVisible = 0;
			defaultConfigurationName = Release;
		};
		4869D6271CDACB46006A9306 /* Build configuration list for PBXNativeTarget "Buzzer" */ = {
			isa = XCConfigurationList;
			buildConfigurations = (
				4869D6281CDACB46006A9306 /* Debug */,
				4869D6291CDACB46006A9306 /* Release */,
			);
			defaultConfigurationIsVisible = 0;
		};
		4869D62A1CDACB46006A9306 /* Build configuration list for PBXNativeTarget "BuzzerTests" */ = {
			isa = XCConfigurationList;
			buildConfigurations = (
				4869D62B1CDACB46006A9306 /* Debug */,
				4869D62C1CDACB46006A9306 /* Release */,
			);
			defaultConfigurationIsVisible = 0;
		};
		4869D62D1CDACB46006A9306 /* Build configuration list for PBXNativeTarget "BuzzerUITests" */ = {
			isa = XCConfigurationList;
			buildConfigurations = (
				4869D62E1CDACB46006A9306 /* Debug */,
				4869D62F1CDACB46006A9306 /* Release */,
			);
			defaultConfigurationIsVisible = 0;
		};
/* End XCConfigurationList section */

/* Begin XCVersionGroup section */
		4869D6061CDACB45006A9306 /* Buzzer.xcdatamodeld */ = {
			isa = XCVersionGroup;
			children = (
				4869D6071CDACB45006A9306 /* Buzzer.xcdatamodel */,
			);
			currentVersion = 4869D6071CDACB45006A9306 /* Buzzer.xcdatamodel */;
			path = Buzzer.xcdatamodeld;
			sourceTree = "<group>";
			versionGroupType = wrapper.xcdatamodel;
		};
/* End XCVersionGroup section */
	};
	rootObject = 4869D5F41CDACB45006A9306 /* Project object */;
}
